
Microsoft Visual Studio Solution File, Format Version 12.00
# Visual Studio Version 17
VisualStudioVersion = 17.0.31903.59
MinimumVisualStudioVersion = 10.0.40219.1
Project("{2150E333-8FDC-42A3-9474-1A3956D46DE8}") = "src", "src", "{827E0CD3-B72D-47B6-A68D-7590B98EB39B}"
EndProject
Project("{FAE04EC0-301F-11D3-BF4B-00C04F79EFBC}") = "ShareX.Core", "src\ShareX.Core\ShareX.Core.csproj", "{8A0523B5-3E87-403B-A4B4-967B2E7DD932}"
EndProject
Project("{FAE04EC0-301F-11D3-BF4B-00C04F79EFBC}") = "ShareX.Platform.Mac", "src\ShareX.Platform.Mac\ShareX.Platform.Mac.csproj", "{93307CE5-CEEE-4BE1-A274-04CEE9289B65}"
EndProject
Project("{FAE04EC0-301F-11D3-BF4B-00C04F79EFBC}") = "ShareX.Compatibility", "src\ShareX.Compatibility\ShareX.Compatibility.csproj", "{8C1C55B1-63AC-4995-BF20-89787F576F7A}"
EndProject
Project("{FAE04EC0-301F-11D3-BF4B-00C04F79EFBC}") = "ShareX.Imaging", "src\ShareX.Imaging\ShareX.Imaging.csproj", "{E984DD88-8CA4-49EC-AA70-B532A31407BF}"
EndProject
Project("{FAE04EC0-301F-11D3-BF4B-00C04F79EFBC}") = "ShareX.Uploaders", "src\ShareX.Uploaders\ShareX.Uploaders.csproj", "{6C102D8F-2B8B-47D8-B7BE-6639F145A22E}"
EndProject
Project("{FAE04EC0-301F-11D3-BF4B-00C04F79EFBC}") = "ShareX.Tools", "src\ShareX.Tools\ShareX.Tools.csproj", "{8EC12388-D458-42C9-9DDA-0878EBF5F544}"
EndProject
Project("{2150E333-8FDC-42A3-9474-1A3956D46DE8}") = "tests", "tests", "{0AB3BF05-4346-4AA6-1389-037BE0695223}"
EndProject
Project("{FAE04EC0-301F-11D3-BF4B-00C04F79EFBC}") = "ShareX.Core.Tests", "tests\ShareX.Core.Tests\ShareX.Core.Tests.csproj", "{2EE8AC31-C92D-4500-BA2B-FE492E34AA3A}"
EndProject
Project("{FAE04EC0-301F-11D3-BF4B-00C04F79EFBC}") = "ShareX.Platform.Mac.Tests", "tests\ShareX.Platform.Mac.Tests\ShareX.Platform.Mac.Tests.csproj", "{49A50418-C8B1-4C2D-AA0C-60618F1BD312}"
EndProject
Project("{FAE04EC0-301F-11D3-BF4B-00C04F79EFBC}") = "ShareX.Mac.App", "src\ShareX.Mac.App\ShareX.Mac.App.csproj", "{A9E67217-0108-4C44-A686-EADA9031EDFA}"
EndProject
Project("{FAE04EC0-301F-11D3-BF4B-00C04F79EFBC}") = "ShareX.Tools.Tests", "tests\ShareX.Tools.Tests\ShareX.Tools.Tests.csproj", "{5AAC39C3-A033-493D-AFEA-C4BC7A428A10}"
EndProject
Project("{FAE04EC0-301F-11D3-BF4B-00C04F79EFBC}") = "ShareX.Editor", "src\ShareX.Editor\ShareX.Editor.csproj", "{7E805D67-ACD2-47E7-A309-72743296F8A4}"
EndProject
Global
	GlobalSection(SolutionConfigurationPlatforms) = preSolution
		Debug|Any CPU = Debug|Any CPU
		Debug|x64 = Debug|x64
		Debug|x86 = Debug|x86
		Release|Any CPU = Release|Any CPU
		Release|x64 = Release|x64
		Release|x86 = Release|x86
	EndGlobalSection
	GlobalSection(ProjectConfigurationPlatforms) = postSolution
		{8A0523B5-3E87-403B-A4B4-967B2E7DD932}.Debug|Any CPU.ActiveCfg = Debug|Any CPU
		{8A0523B5-3E87-403B-A4B4-967B2E7DD932}.Debug|Any CPU.Build.0 = Debug|Any CPU
		{8A0523B5-3E87-403B-A4B4-967B2E7DD932}.Debug|x64.ActiveCfg = Debug|Any CPU
		{8A0523B5-3E87-403B-A4B4-967B2E7DD932}.Debug|x64.Build.0 = Debug|Any CPU
		{8A0523B5-3E87-403B-A4B4-967B2E7DD932}.Debug|x86.ActiveCfg = Debug|Any CPU
		{8A0523B5-3E87-403B-A4B4-967B2E7DD932}.Debug|x86.Build.0 = Debug|Any CPU
		{8A0523B5-3E87-403B-A4B4-967B2E7DD932}.Release|Any CPU.ActiveCfg = Release|Any CPU
		{8A0523B5-3E87-403B-A4B4-967B2E7DD932}.Release|Any CPU.Build.0 = Release|Any CPU
		{8A0523B5-3E87-403B-A4B4-967B2E7DD932}.Release|x64.ActiveCfg = Release|Any CPU
		{8A0523B5-3E87-403B-A4B4-967B2E7DD932}.Release|x64.Build.0 = Release|Any CPU
		{8A0523B5-3E87-403B-A4B4-967B2E7DD932}.Release|x86.ActiveCfg = Release|Any CPU
		{8A0523B5-3E87-403B-A4B4-967B2E7DD932}.Release|x86.Build.0 = Release|Any CPU
		{93307CE5-CEEE-4BE1-A274-04CEE9289B65}.Debug|Any CPU.ActiveCfg = Debug|Any CPU
		{93307CE5-CEEE-4BE1-A274-04CEE9289B65}.Debug|Any CPU.Build.0 = Debug|Any CPU
		{93307CE5-CEEE-4BE1-A274-04CEE9289B65}.Debug|x64.ActiveCfg = Debug|Any CPU
		{93307CE5-CEEE-4BE1-A274-04CEE9289B65}.Debug|x64.Build.0 = Debug|Any CPU
		{93307CE5-CEEE-4BE1-A274-04CEE9289B65}.Debug|x86.ActiveCfg = Debug|Any CPU
		{93307CE5-CEEE-4BE1-A274-04CEE9289B65}.Debug|x86.Build.0 = Debug|Any CPU
		{93307CE5-CEEE-4BE1-A274-04CEE9289B65}.Release|Any CPU.ActiveCfg = Release|Any CPU
		{93307CE5-CEEE-4BE1-A274-04CEE9289B65}.Release|Any CPU.Build.0 = Release|Any CPU
		{93307CE5-CEEE-4BE1-A274-04CEE9289B65}.Release|x64.ActiveCfg = Release|Any CPU
		{93307CE5-CEEE-4BE1-A274-04CEE9289B65}.Release|x64.Build.0 = Release|Any CPU
		{93307CE5-CEEE-4BE1-A274-04CEE9289B65}.Release|x86.ActiveCfg = Release|Any CPU
		{93307CE5-CEEE-4BE1-A274-04CEE9289B65}.Release|x86.Build.0 = Release|Any CPU
		{8C1C55B1-63AC-4995-BF20-89787F576F7A}.Debug|Any CPU.ActiveCfg = Debug|Any CPU
		{8C1C55B1-63AC-4995-BF20-89787F576F7A}.Debug|Any CPU.Build.0 = Debug|Any CPU
		{8C1C55B1-63AC-4995-BF20-89787F576F7A}.Debug|x64.ActiveCfg = Debug|Any CPU
		{8C1C55B1-63AC-4995-BF20-89787F576F7A}.Debug|x64.Build.0 = Debug|Any CPU
		{8C1C55B1-63AC-4995-BF20-89787F576F7A}.Debug|x86.ActiveCfg = Debug|Any CPU
		{8C1C55B1-63AC-4995-BF20-89787F576F7A}.Debug|x86.Build.0 = Debug|Any CPU
		{8C1C55B1-63AC-4995-BF20-89787F576F7A}.Release|Any CPU.ActiveCfg = Release|Any CPU
		{8C1C55B1-63AC-4995-BF20-89787F576F7A}.Release|Any CPU.Build.0 = Release|Any CPU
		{8C1C55B1-63AC-4995-BF20-89787F576F7A}.Release|x64.ActiveCfg = Release|Any CPU
		{8C1C55B1-63AC-4995-BF20-89787F576F7A}.Release|x64.Build.0 = Release|Any CPU
		{8C1C55B1-63AC-4995-BF20-89787F576F7A}.Release|x86.ActiveCfg = Release|Any CPU
		{8C1C55B1-63AC-4995-BF20-89787F576F7A}.Release|x86.Build.0 = Release|Any CPU
		{E984DD88-8CA4-49EC-AA70-B532A31407BF}.Debug|Any CPU.ActiveCfg = Debug|Any CPU
		{E984DD88-8CA4-49EC-AA70-B532A31407BF}.Debug|Any CPU.Build.0 = Debug|Any CPU
		{E984DD88-8CA4-49EC-AA70-B532A31407BF}.Debug|x64.ActiveCfg = Debug|Any CPU
		{E984DD88-8CA4-49EC-AA70-B532A31407BF}.Debug|x64.Build.0 = Debug|Any CPU
		{E984DD88-8CA4-49EC-AA70-B532A31407BF}.Debug|x86.ActiveCfg = Debug|Any CPU
		{E984DD88-8CA4-49EC-AA70-B532A31407BF}.Debug|x86.Build.0 = Debug|Any CPU
		{E984DD88-8CA4-49EC-AA70-B532A31407BF}.Release|Any CPU.ActiveCfg = Release|Any CPU
		{E984DD88-8CA4-49EC-AA70-B532A31407BF}.Release|Any CPU.Build.0 = Release|Any CPU
		{E984DD88-8CA4-49EC-AA70-B532A31407BF}.Release|x64.ActiveCfg = Release|Any CPU
		{E984DD88-8CA4-49EC-AA70-B532A31407BF}.Release|x64.Build.0 = Release|Any CPU
		{E984DD88-8CA4-49EC-AA70-B532A31407BF}.Release|x86.ActiveCfg = Release|Any CPU
		{E984DD88-8CA4-49EC-AA70-B532A31407BF}.Release|x86.Build.0 = Release|Any CPU
		{6C102D8F-2B8B-47D8-B7BE-6639F145A22E}.Debug|Any CPU.ActiveCfg = Debug|Any CPU
		{6C102D8F-2B8B-47D8-B7BE-6639F145A22E}.Debug|Any CPU.Build.0 = Debug|Any CPU
		{6C102D8F-2B8B-47D8-B7BE-6639F145A22E}.Debug|x64.ActiveCfg = Debug|Any CPU
		{6C102D8F-2B8B-47D8-B7BE-6639F145A22E}.Debug|x64.Build.0 = Debug|Any CPU
		{6C102D8F-2B8B-47D8-B7BE-6639F145A22E}.Debug|x86.ActiveCfg = Debug|Any CPU
		{6C102D8F-2B8B-47D8-B7BE-6639F145A22E}.Debug|x86.Build.0 = Debug|Any CPU
		{6C102D8F-2B8B-47D8-B7BE-6639F145A22E}.Release|Any CPU.ActiveCfg = Release|Any CPU
		{6C102D8F-2B8B-47D8-B7BE-6639F145A22E}.Release|Any CPU.Build.0 = Release|Any CPU
		{6C102D8F-2B8B-47D8-B7BE-6639F145A22E}.Release|x64.ActiveCfg = Release|Any CPU
		{6C102D8F-2B8B-47D8-B7BE-6639F145A22E}.Release|x64.Build.0 = Release|Any CPU
		{6C102D8F-2B8B-47D8-B7BE-6639F145A22E}.Release|x86.ActiveCfg = Release|Any CPU
		{6C102D8F-2B8B-47D8-B7BE-6639F145A22E}.Release|x86.Build.0 = Release|Any CPU
		{8EC12388-D458-42C9-9DDA-0878EBF5F544}.Debug|Any CPU.ActiveCfg = Debug|Any CPU
		{8EC12388-D458-42C9-9DDA-0878EBF5F544}.Debug|Any CPU.Build.0 = Debug|Any CPU
		{8EC12388-D458-42C9-9DDA-0878EBF5F544}.Debug|x64.ActiveCfg = Debug|Any CPU
		{8EC12388-D458-42C9-9DDA-0878EBF5F544}.Debug|x64.Build.0 = Debug|Any CPU
		{8EC12388-D458-42C9-9DDA-0878EBF5F544}.Debug|x86.ActiveCfg = Debug|Any CPU
		{8EC12388-D458-42C9-9DDA-0878EBF5F544}.Debug|x86.Build.0 = Debug|Any CPU
		{8EC12388-D458-42C9-9DDA-0878EBF5F544}.Release|Any CPU.ActiveCfg = Release|Any CPU
		{8EC12388-D458-42C9-9DDA-0878EBF5F544}.Release|Any CPU.Build.0 = Release|Any CPU
		{8EC12388-D458-42C9-9DDA-0878EBF5F544}.Release|x64.ActiveCfg = Release|Any CPU
		{8EC12388-D458-42C9-9DDA-0878EBF5F544}.Release|x64.Build.0 = Release|Any CPU
		{8EC12388-D458-42C9-9DDA-0878EBF5F544}.Release|x86.ActiveCfg = Release|Any CPU
		{8EC12388-D458-42C9-9DDA-0878EBF5F544}.Release|x86.Build.0 = Release|Any CPU
		{2EE8AC31-C92D-4500-BA2B-FE492E34AA3A}.Debug|Any CPU.ActiveCfg = Debug|Any CPU
		{2EE8AC31-C92D-4500-BA2B-FE492E34AA3A}.Debug|Any CPU.Build.0 = Debug|Any CPU
		{2EE8AC31-C92D-4500-BA2B-FE492E34AA3A}.Debug|x64.ActiveCfg = Debug|Any CPU
		{2EE8AC31-C92D-4500-BA2B-FE492E34AA3A}.Debug|x64.Build.0 = Debug|Any CPU
		{2EE8AC31-C92D-4500-BA2B-FE492E34AA3A}.Debug|x86.ActiveCfg = Debug|Any CPU
		{2EE8AC31-C92D-4500-BA2B-FE492E34AA3A}.Debug|x86.Build.0 = Debug|Any CPU
		{2EE8AC31-C92D-4500-BA2B-FE492E34AA3A}.Release|Any CPU.ActiveCfg = Release|Any CPU
		{2EE8AC31-C92D-4500-BA2B-FE492E34AA3A}.Release|Any CPU.Build.0 = Release|Any CPU
		{2EE8AC31-C92D-4500-BA2B-FE492E34AA3A}.Release|x64.ActiveCfg = Release|Any CPU
		{2EE8AC31-C92D-4500-BA2B-FE492E34AA3A}.Release|x64.Build.0 = Release|Any CPU
		{2EE8AC31-C92D-4500-BA2B-FE492E34AA3A}.Release|x86.ActiveCfg = Release|Any CPU
		{2EE8AC31-C92D-4500-BA2B-FE492E34AA3A}.Release|x86.Build.0 = Release|Any CPU
		{49A50418-C8B1-4C2D-AA0C-60618F1BD312}.Debug|Any CPU.ActiveCfg = Debug|Any CPU
		{49A50418-C8B1-4C2D-AA0C-60618F1BD312}.Debug|Any CPU.Build.0 = Debug|Any CPU
		{49A50418-C8B1-4C2D-AA0C-60618F1BD312}.Debug|x64.ActiveCfg = Debug|Any CPU
		{49A50418-C8B1-4C2D-AA0C-60618F1BD312}.Debug|x64.Build.0 = Debug|Any CPU
		{49A50418-C8B1-4C2D-AA0C-60618F1BD312}.Debug|x86.ActiveCfg = Debug|Any CPU
		{49A50418-C8B1-4C2D-AA0C-60618F1BD312}.Debug|x86.Build.0 = Debug|Any CPU
		{49A50418-C8B1-4C2D-AA0C-60618F1BD312}.Release|Any CPU.ActiveCfg = Release|Any CPU
		{49A50418-C8B1-4C2D-AA0C-60618F1BD312}.Release|Any CPU.Build.0 = Release|Any CPU
		{49A50418-C8B1-4C2D-AA0C-60618F1BD312}.Release|x64.ActiveCfg = Release|Any CPU
		{49A50418-C8B1-4C2D-AA0C-60618F1BD312}.Release|x64.Build.0 = Release|Any CPU
		{49A50418-C8B1-4C2D-AA0C-60618F1BD312}.Release|x86.ActiveCfg = Release|Any CPU
		{49A50418-C8B1-4C2D-AA0C-60618F1BD312}.Release|x86.Build.0 = Release|Any CPU
		{A9E67217-0108-4C44-A686-EADA9031EDFA}.Debug|Any CPU.ActiveCfg = Debug|Any CPU
		{A9E67217-0108-4C44-A686-EADA9031EDFA}.Debug|Any CPU.Build.0 = Debug|Any CPU
		{A9E67217-0108-4C44-A686-EADA9031EDFA}.Debug|x64.ActiveCfg = Debug|Any CPU
		{A9E67217-0108-4C44-A686-EADA9031EDFA}.Debug|x64.Build.0 = Debug|Any CPU
		{A9E67217-0108-4C44-A686-EADA9031EDFA}.Debug|x86.ActiveCfg = Debug|Any CPU
		{A9E67217-0108-4C44-A686-EADA9031EDFA}.Debug|x86.Build.0 = Debug|Any CPU
		{A9E67217-0108-4C44-A686-EADA9031EDFA}.Release|Any CPU.ActiveCfg = Release|Any CPU
		{A9E67217-0108-4C44-A686-EADA9031EDFA}.Release|Any CPU.Build.0 = Release|Any CPU
		{A9E67217-0108-4C44-A686-EADA9031EDFA}.Release|x64.ActiveCfg = Release|Any CPU
		{A9E67217-0108-4C44-A686-EADA9031EDFA}.Release|x64.Build.0 = Release|Any CPU
		{A9E67217-0108-4C44-A686-EADA9031EDFA}.Release|x86.ActiveCfg = Release|Any CPU
		{A9E67217-0108-4C44-A686-EADA9031EDFA}.Release|x86.Build.0 = Release|Any CPU
		{5AAC39C3-A033-493D-AFEA-C4BC7A428A10}.Debug|Any CPU.ActiveCfg = Debug|Any CPU
		{5AAC39C3-A033-493D-AFEA-C4BC7A428A10}.Debug|Any CPU.Build.0 = Debug|Any CPU
		{5AAC39C3-A033-493D-AFEA-C4BC7A428A10}.Debug|x64.ActiveCfg = Debug|Any CPU
		{5AAC39C3-A033-493D-AFEA-C4BC7A428A10}.Debug|x64.Build.0 = Debug|Any CPU
		{5AAC39C3-A033-493D-AFEA-C4BC7A428A10}.Debug|x86.ActiveCfg = Debug|Any CPU
		{5AAC39C3-A033-493D-AFEA-C4BC7A428A10}.Debug|x86.Build.0 = Debug|Any CPU
		{5AAC39C3-A033-493D-AFEA-C4BC7A428A10}.Release|Any CPU.ActiveCfg = Release|Any CPU
		{5AAC39C3-A033-493D-AFEA-C4BC7A428A10}.Release|Any CPU.Build.0 = Release|Any CPU
		{5AAC39C3-A033-493D-AFEA-C4BC7A428A10}.Release|x64.ActiveCfg = Release|Any CPU
		{5AAC39C3-A033-493D-AFEA-C4BC7A428A10}.Release|x64.Build.0 = Release|Any CPU
		{5AAC39C3-A033-493D-AFEA-C4BC7A428A10}.Release|x86.ActiveCfg = Release|Any CPU
		{5AAC39C3-A033-493D-AFEA-C4BC7A428A10}.Release|x86.Build.0 = Release|Any CPU
		{7E805D67-ACD2-47E7-A309-72743296F8A4}.Debug|Any CPU.ActiveCfg = Debug|Any CPU
		{7E805D67-ACD2-47E7-A309-72743296F8A4}.Debug|Any CPU.Build.0 = Debug|Any CPU
		{7E805D67-ACD2-47E7-A309-72743296F8A4}.Debug|x64.ActiveCfg = Debug|Any CPU
		{7E805D67-ACD2-47E7-A309-72743296F8A4}.Debug|x64.Build.0 = Debug|Any CPU
		{7E805D67-ACD2-47E7-A309-72743296F8A4}.Debug|x86.ActiveCfg = Debug|Any CPU
		{7E805D67-ACD2-47E7-A309-72743296F8A4}.Debug|x86.Build.0 = Debug|Any CPU
		{7E805D67-ACD2-47E7-A309-72743296F8A4}.Release|Any CPU.ActiveCfg = Release|Any CPU
		{7E805D67-ACD2-47E7-A309-72743296F8A4}.Release|Any CPU.Build.0 = Release|Any CPU
		{7E805D67-ACD2-47E7-A309-72743296F8A4}.Release|x64.ActiveCfg = Release|Any CPU
		{7E805D67-ACD2-47E7-A309-72743296F8A4}.Release|x64.Build.0 = Release|Any CPU
		{7E805D67-ACD2-47E7-A309-72743296F8A4}.Release|x86.ActiveCfg = Release|Any CPU
		{7E805D67-ACD2-47E7-A309-72743296F8A4}.Release|x86.Build.0 = Release|Any CPU
	EndGlobalSection
	GlobalSection(SolutionProperties) = preSolution
		HideSolutionNode = FALSE
	EndGlobalSection
	GlobalSection(NestedProjects) = preSolution
		{8A0523B5-3E87-403B-A4B4-967B2E7DD932} = {827E0CD3-B72D-47B6-A68D-7590B98EB39B}
		{93307CE5-CEEE-4BE1-A274-04CEE9289B65} = {827E0CD3-B72D-47B6-A68D-7590B98EB39B}
		{8C1C55B1-63AC-4995-BF20-89787F576F7A} = {827E0CD3-B72D-47B6-A68D-7590B98EB39B}
		{E984DD88-8CA4-49EC-AA70-B532A31407BF} = {827E0CD3-B72D-47B6-A68D-7590B98EB39B}
		{6C102D8F-2B8B-47D8-B7BE-6639F145A22E} = {827E0CD3-B72D-47B6-A68D-7590B98EB39B}
		{8EC12388-D458-42C9-9DDA-0878EBF5F544} = {827E0CD3-B72D-47B6-A68D-7590B98EB39B}
		{2EE8AC31-C92D-4500-BA2B-FE492E34AA3A} = {0AB3BF05-4346-4AA6-1389-037BE0695223}
		{49A50418-C8B1-4C2D-AA0C-60618F1BD312} = {0AB3BF05-4346-4AA6-1389-037BE0695223}
		{A9E67217-0108-4C44-A686-EADA9031EDFA} = {827E0CD3-B72D-47B6-A68D-7590B98EB39B}
		{5AAC39C3-A033-493D-AFEA-C4BC7A428A10} = {0AB3BF05-4346-4AA6-1389-037BE0695223}
		{7E805D67-ACD2-47E7-A309-72743296F8A4} = {827E0CD3-B72D-47B6-A68D-7590B98EB39B}
	EndGlobalSection
EndGlobal
